// !$*UTF8*$!
{
	archiveVersion = 1;
	classes = {
	};
	objectVersion = 50;
	objects = {

/* Begin PBXBuildFile section */
		D314A430216F2B2200F14C63 /* CircleSpreadCtrl.m in Sources */ = {isa = PBXBuildFile; fileRef = D314A42F216F2B2200F14C63 /* CircleSpreadCtrl.m */; };
		D314A433216F2B3600F14C63 /* CircleSpreadShowCtrl.m in Sources */ = {isa = PBXBuildFile; fileRef = D314A432216F2B3600F14C63 /* CircleSpreadShowCtrl.m */; };
		D314A436216F2B6A00F14C63 /* BZCircleSpreadTransition.m in Sources */ = {isa = PBXBuildFile; fileRef = D314A435216F2B6A00F14C63 /* BZCircleSpreadTransition.m */; };
		D319DA42216C417B0016A59D /* AppDelegate.m in Sources */ = {isa = PBXBuildFile; fileRef = D319DA41216C417B0016A59D /* AppDelegate.m */; };
		D319DA48216C417B0016A59D /* Main.storyboard in Resources */ = {isa = PBXBuildFile; fileRef = D319DA46216C417B0016A59D /* Main.storyboard */; };
		D319DA4A216C417D0016A59D /* Assets.xcassets in Resources */ = {isa = PBXBuildFile; fileRef = D319DA49216C417D0016A59D /* Assets.xcassets */; };
		D319DA4D216C417D0016A59D /* LaunchScreen.storyboard in Resources */ = {isa = PBXBuildFile; fileRef = D319DA4B216C417D0016A59D /* LaunchScreen.storyboard */; };
		D319DA50216C417D0016A59D /* main.m in Sources */ = {isa = PBXBuildFile; fileRef = D319DA4F216C417D0016A59D /* main.m */; };
		D319DA5A216C417D0016A59D /* Transition_ObjCTests.m in Sources */ = {isa = PBXBuildFile; fileRef = D319DA59216C417D0016A59D /* Transition_ObjCTests.m */; };
		D319DA65216C417D0016A59D /* Transition_ObjCUITests.m in Sources */ = {isa = PBXBuildFile; fileRef = D319DA64216C417D0016A59D /* Transition_ObjCUITests.m */; };
		D319DA82216C4BD70016A59D /* RootTableCtrl.m in Sources */ = {isa = PBXBuildFile; fileRef = D319DA81216C4BD70016A59D /* RootTableCtrl.m */; };
		D319DA86216C4F0E0016A59D /* MagicMoveListCtrl.m in Sources */ = {isa = PBXBuildFile; fileRef = D319DA85216C4F0E0016A59D /* MagicMoveListCtrl.m */; };
		D319DA89216C4F440016A59D /* MagicMoveDetailCtrl.m in Sources */ = {isa = PBXBuildFile; fileRef = D319DA88216C4F440016A59D /* MagicMoveDetailCtrl.m */; };
		D319DA8D216C54D00016A59D /* MagicMoveListCell.m in Sources */ = {isa = PBXBuildFile; fileRef = D319DA8B216C54D00016A59D /* MagicMoveListCell.m */; };
		D319DA90216C55190016A59D /* MagicMoveListCell.xib in Resources */ = {isa = PBXBuildFile; fileRef = D319DA8F216C55190016A59D /* MagicMoveListCell.xib */; };
		D319DAAC216C5B410016A59D /* NSLayoutConstraint+MASDebugAdditions.m in Sources */ = {isa = PBXBuildFile; fileRef = D319DA94216C5B410016A59D /* NSLayoutConstraint+MASDebugAdditions.m */; };
		D319DAAD216C5B410016A59D /* ViewController+MASAdditions.m in Sources */ = {isa = PBXBuildFile; fileRef = D319DA9D216C5B410016A59D /* ViewController+MASAdditions.m */; };
		D319DAAE216C5B410016A59D /* MASCompositeConstraint.m in Sources */ = {isa = PBXBuildFile; fileRef = D319DAA1216C5B410016A59D /* MASCompositeConstraint.m */; };
		D319DAAF216C5B410016A59D /* MASConstraintMaker.m in Sources */ = {isa = PBXBuildFile; fileRef = D319DAA2216C5B410016A59D /* MASConstraintMaker.m */; };
		D319DAB0216C5B410016A59D /* MASLayoutConstraint.m in Sources */ = {isa = PBXBuildFile; fileRef = D319DAA3216C5B410016A59D /* MASLayoutConstraint.m */; };
		D319DAB1216C5B410016A59D /* NSArray+MASAdditions.m in Sources */ = {isa = PBXBuildFile; fileRef = D319DAA4216C5B410016A59D /* NSArray+MASAdditions.m */; };
		D319DAB2216C5B410016A59D /* View+MASAdditions.m in Sources */ = {isa = PBXBuildFile; fileRef = D319DAA5216C5B410016A59D /* View+MASAdditions.m */; };
		D319DAB3216C5B410016A59D /* MASConstraint.m in Sources */ = {isa = PBXBuildFile; fileRef = D319DAA8216C5B410016A59D /* MASConstraint.m */; };
		D319DAB4216C5B410016A59D /* MASViewConstraint.m in Sources */ = {isa = PBXBuildFile; fileRef = D319DAAA216C5B410016A59D /* MASViewConstraint.m */; };
		D319DAB5216C5B410016A59D /* MASViewAttribute.m in Sources */ = {isa = PBXBuildFile; fileRef = D319DAAB216C5B410016A59D /* MASViewAttribute.m */; };
		D319DAB8216C5C910016A59D /* MagicMoveTransition.m in Sources */ = {isa = PBXBuildFile; fileRef = D319DAB7216C5C910016A59D /* MagicMoveTransition.m */; };
		D319DABC216CAA940016A59D /* BZInteractiveTransition.m in Sources */ = {isa = PBXBuildFile; fileRef = D319DABB216CAA940016A59D /* BZInteractiveTransition.m */; };
		D31E5E63216DE1F000F407F1 /* PresentCtrl.m in Sources */ = {isa = PBXBuildFile; fileRef = D31E5E62216DE1F000F407F1 /* PresentCtrl.m */; };
		D31E5E66216DE20A00F407F1 /* PresentShowCtrl.m in Sources */ = {isa = PBXBuildFile; fileRef = D31E5E65216DE20A00F407F1 /* PresentShowCtrl.m */; };
		D31E5E69216DE4E500F407F1 /* BZPresentTransition.m in Sources */ = {isa = PBXBuildFile; fileRef = D31E5E68216DE4E500F407F1 /* BZPresentTransition.m */; };
/* End PBXBuildFile section */

/* Begin PBXContainerItemProxy section */
		D319DA56216C417D0016A59D /* PBXContainerItemProxy */ = {
			isa = PBXContainerItemProxy;
			containerPortal = D319DA35216C417B0016A59D /* Project object */;
			proxyType = 1;
			remoteGlobalIDString = D319DA3C216C417B0016A59D;
			remoteInfo = Transition_ObjC;
		};
		D319DA61216C417D0016A59D /* PBXContainerItemProxy */ = {
			isa = PBXContainerItemProxy;
			containerPortal = D319DA35216C417B0016A59D /* Project object */;
			proxyType = 1;
			remoteGlobalIDString = D319DA3C216C417B0016A59D;
			remoteInfo = Transition_ObjC;
		};
/* End PBXContainerItemProxy section */

/* Begin PBXFileReference section */
		D314A42E216F2B2200F14C63 /* CircleSpreadCtrl.h */ = {isa = PBXFileReference; lastKnownFileType = sourcecode.c.h; path = CircleSpreadCtrl.h; sourceTree = "<group>"; };
		D314A42F216F2B2200F14C63 /* CircleSpreadCtrl.m */ = {isa = PBXFileReference; lastKnownFileType = sourcecode.c.objc; path = CircleSpreadCtrl.m; sourceTree = "<group>"; };
		D314A431216F2B3600F14C63 /* CircleSpreadShowCtrl.h */ = {isa = PBXFileReference; lastKnownFileType = sourcecode.c.h; path = CircleSpreadShowCtrl.h; sourceTree = "<group>"; };
		D314A432216F2B3600F14C63 /* CircleSpreadShowCtrl.m */ = {isa = PBXFileReference; lastKnownFileType = sourcecode.c.objc; path = CircleSpreadShowCtrl.m; sourceTree = "<group>"; };
		D314A434216F2B6A00F14C63 /* BZCircleSpreadTransition.h */ = {isa = PBXFileReference; lastKnownFileType = sourcecode.c.h; path = BZCircleSpreadTransition.h; sourceTree = "<group>"; };
		D314A435216F2B6A00F14C63 /* BZCircleSpreadTransition.m */ = {isa = PBXFileReference; lastKnownFileType = sourcecode.c.objc; path = BZCircleSpreadTransition.m; sourceTree = "<group>"; };
		D319DA3D216C417B0016A59D /* Transition_ObjC.app */ = {isa = PBXFileReference; explicitFileType = wrapper.application; includeInIndex = 0; path = Transition_ObjC.app; sourceTree = BUILT_PRODUCTS_DIR; };
		D319DA40216C417B0016A59D /* AppDelegate.h */ = {isa = PBXFileReference; lastKnownFileType = sourcecode.c.h; path = AppDelegate.h; sourceTree = "<group>"; };
		D319DA41216C417B0016A59D /* AppDelegate.m */ = {isa = PBXFileReference; lastKnownFileType = sourcecode.c.objc; path = AppDelegate.m; sourceTree = "<group>"; };
		D319DA47216C417B0016A59D /* Base */ = {isa = PBXFileReference; lastKnownFileType = file.storyboard; name = Base; path = Base.lproj/Main.storyboard; sourceTree = "<group>"; };
		D319DA49216C417D0016A59D /* Assets.xcassets */ = {isa = PBXFileReference; lastKnownFileType = folder.assetcatalog; path = Assets.xcassets; sourceTree = "<group>"; };
		D319DA4C216C417D0016A59D /* Base */ = {isa = PBXFileReference; lastKnownFileType = file.storyboard; name = Base; path = Base.lproj/LaunchScreen.storyboard; sourceTree = "<group>"; };
		D319DA4E216C417D0016A59D /* Info.plist */ = {isa = PBXFileReference; lastKnownFileType = text.plist.xml; path = Info.plist; sourceTree = "<group>"; };
		D319DA4F216C417D0016A59D /* main.m */ = {isa = PBXFileReference; lastKnownFileType = sourcecode.c.objc; path = main.m; sourceTree = "<group>"; };
		D319DA55216C417D0016A59D /* Transition_ObjCTests.xctest */ = {isa = PBXFileReference; explicitFileType = wrapper.cfbundle; includeInIndex = 0; path = Transition_ObjCTests.xctest; sourceTree = BUILT_PRODUCTS_DIR; };
		D319DA59216C417D0016A59D /* Transition_ObjCTests.m */ = {isa = PBXFileReference; lastKnownFileType = sourcecode.c.objc; path = Transition_ObjCTests.m; sourceTree = "<group>"; };
		D319DA5B216C417D0016A59D /* Info.plist */ = {isa = PBXFileReference; lastKnownFileType = text.plist.xml; path = Info.plist; sourceTree = "<group>"; };
		D319DA60216C417D0016A59D /* Transition_ObjCUITests.xctest */ = {isa = PBXFileReference; explicitFileType = wrapper.cfbundle; includeInIndex = 0; path = Transition_ObjCUITests.xctest; sourceTree = BUILT_PRODUCTS_DIR; };
		D319DA64216C417D0016A59D /* Transition_ObjCUITests.m */ = {isa = PBXFileReference; lastKnownFileType = sourcecode.c.objc; path = Transition_ObjCUITests.m; sourceTree = "<group>"; };
		D319DA66216C417D0016A59D /* Info.plist */ = {isa = PBXFileReference; lastKnownFileType = text.plist.xml; path = Info.plist; sourceTree = "<group>"; };
		D319DA80216C4BD70016A59D /* RootTableCtrl.h */ = {isa = PBXFileReference; lastKnownFileType = sourcecode.c.h; path = RootTableCtrl.h; sourceTree = "<group>"; };
		D319DA81216C4BD70016A59D /* RootTableCtrl.m */ = {isa = PBXFileReference; lastKnownFileType = sourcecode.c.objc; path = RootTableCtrl.m; sourceTree = "<group>"; };
		D319DA84216C4F0E0016A59D /* MagicMoveListCtrl.h */ = {isa = PBXFileReference; lastKnownFileType = sourcecode.c.h; path = MagicMoveListCtrl.h; sourceTree = "<group>"; };
		D319DA85216C4F0E0016A59D /* MagicMoveListCtrl.m */ = {isa = PBXFileReference; lastKnownFileType = sourcecode.c.objc; path = MagicMoveListCtrl.m; sourceTree = "<group>"; };
		D319DA87216C4F440016A59D /* MagicMoveDetailCtrl.h */ = {isa = PBXFileReference; lastKnownFileType = sourcecode.c.h; path = MagicMoveDetailCtrl.h; sourceTree = "<group>"; };
		D319DA88216C4F440016A59D /* MagicMoveDetailCtrl.m */ = {isa = PBXFileReference; lastKnownFileType = sourcecode.c.objc; path = MagicMoveDetailCtrl.m; sourceTree = "<group>"; };
		D319DA8A216C54D00016A59D /* MagicMoveListCell.h */ = {isa = PBXFileReference; lastKnownFileType = sourcecode.c.h; path = MagicMoveListCell.h; sourceTree = "<group>"; };
		D319DA8B216C54D00016A59D /* MagicMoveListCell.m */ = {isa = PBXFileReference; lastKnownFileType = sourcecode.c.objc; path = MagicMoveListCell.m; sourceTree = "<group>"; };
		D319DA8F216C55190016A59D /* MagicMoveListCell.xib */ = {isa = PBXFileReference; fileEncoding = 4; lastKnownFileType = file.xib; path = MagicMoveListCell.xib; sourceTree = "<group>"; };
		D319DA93216C5B410016A59D /* MASCompositeConstraint.h */ = {isa = PBXFileReference; fileEncoding = 4; lastKnownFileType = sourcecode.c.h; path = MASCompositeConstraint.h; sourceTree = "<group>"; };
		D319DA94216C5B410016A59D /* NSLayoutConstraint+MASDebugAdditions.m */ = {isa = PBXFileReference; fileEncoding = 4; lastKnownFileType = sourcecode.c.objc; path = "NSLayoutConstraint+MASDebugAdditions.m"; sourceTree = "<group>"; };
		D319DA95216C5B410016A59D /* MASConstraint+Private.h */ = {isa = PBXFileReference; fileEncoding = 4; lastKnownFileType = sourcecode.c.h; path = "MASConstraint+Private.h"; sourceTree = "<group>"; };
		D319DA96216C5B410016A59D /* MASLayoutConstraint.h */ = {isa = PBXFileReference; fileEncoding = 4; lastKnownFileType = sourcecode.c.h; path = MASLayoutConstraint.h; sourceTree = "<group>"; };
		D319DA97216C5B410016A59D /* NSArray+MASShorthandAdditions.h */ = {isa = PBXFileReference; fileEncoding = 4; lastKnownFileType = sourcecode.c.h; path = "NSArray+MASShorthandAdditions.h"; sourceTree = "<group>"; };
		D319DA98216C5B410016A59D /* MASConstraintMaker.h */ = {isa = PBXFileReference; fileEncoding = 4; lastKnownFileType = sourcecode.c.h; path = MASConstraintMaker.h; sourceTree = "<group>"; };
		D319DA99216C5B410016A59D /* View+MASAdditions.h */ = {isa = PBXFileReference; fileEncoding = 4; lastKnownFileType = sourcecode.c.h; path = "View+MASAdditions.h"; sourceTree = "<group>"; };
		D319DA9A216C5B410016A59D /* NSArray+MASAdditions.h */ = {isa = PBXFileReference; fileEncoding = 4; lastKnownFileType = sourcecode.c.h; path = "NSArray+MASAdditions.h"; sourceTree = "<group>"; };
		D319DA9B216C5B410016A59D /* MASUtilities.h */ = {isa = PBXFileReference; fileEncoding = 4; lastKnownFileType = sourcecode.c.h; path = MASUtilities.h; sourceTree = "<group>"; };
		D319DA9C216C5B410016A59D /* MASViewAttribute.h */ = {isa = PBXFileReference; fileEncoding = 4; lastKnownFileType = sourcecode.c.h; path = MASViewAttribute.h; sourceTree = "<group>"; };
		D319DA9D216C5B410016A59D /* ViewController+MASAdditions.m */ = {isa = PBXFileReference; fileEncoding = 4; lastKnownFileType = sourcecode.c.objc; path = "ViewController+MASAdditions.m"; sourceTree = "<group>"; };
		D319DA9E216C5B410016A59D /* MASViewConstraint.h */ = {isa = PBXFileReference; fileEncoding = 4; lastKnownFileType = sourcecode.c.h; path = MASViewConstraint.h; sourceTree = "<group>"; };
		D319DA9F216C5B410016A59D /* MASConstraint.h */ = {isa = PBXFileReference; fileEncoding = 4; lastKnownFileType = sourcecode.c.h; path = MASConstraint.h; sourceTree = "<group>"; };
		D319DAA0216C5B410016A59D /* NSLayoutConstraint+MASDebugAdditions.h */ = {isa = PBXFileReference; fileEncoding = 4; lastKnownFileType = sourcecode.c.h; path = "NSLayoutConstraint+MASDebugAdditions.h"; sourceTree = "<group>"; };
		D319DAA1216C5B410016A59D /* MASCompositeConstraint.m */ = {isa = PBXFileReference; fileEncoding = 4; lastKnownFileType = sourcecode.c.objc; path = MASCompositeConstraint.m; sourceTree = "<group>"; };
		D319DAA2216C5B410016A59D /* MASConstraintMaker.m */ = {isa = PBXFileReference; fileEncoding = 4; lastKnownFileType = sourcecode.c.objc; path = MASConstraintMaker.m; sourceTree = "<group>"; };
		D319DAA3216C5B410016A59D /* MASLayoutConstraint.m */ = {isa = PBXFileReference; fileEncoding = 4; lastKnownFileType = sourcecode.c.objc; path = MASLayoutConstraint.m; sourceTree = "<group>"; };
		D319DAA4216C5B410016A59D /* NSArray+MASAdditions.m */ = {isa = PBXFileReference; fileEncoding = 4; lastKnownFileType = sourcecode.c.objc; path = "NSArray+MASAdditions.m"; sourceTree = "<group>"; };
		D319DAA5216C5B410016A59D /* View+MASAdditions.m */ = {isa = PBXFileReference; fileEncoding = 4; lastKnownFileType = sourcecode.c.objc; path = "View+MASAdditions.m"; sourceTree = "<group>"; };
		D319DAA6216C5B410016A59D /* View+MASShorthandAdditions.h */ = {isa = PBXFileReference; fileEncoding = 4; lastKnownFileType = sourcecode.c.h; path = "View+MASShorthandAdditions.h"; sourceTree = "<group>"; };
		D319DAA7216C5B410016A59D /* Masonry.h */ = {isa = PBXFileReference; fileEncoding = 4; lastKnownFileType = sourcecode.c.h; path = Masonry.h; sourceTree = "<group>"; };
		D319DAA8216C5B410016A59D /* MASConstraint.m */ = {isa = PBXFileReference; fileEncoding = 4; lastKnownFileType = sourcecode.c.objc; path = MASConstraint.m; sourceTree = "<group>"; };
		D319DAA9216C5B410016A59D /* ViewController+MASAdditions.h */ = {isa = PBXFileReference; fileEncoding = 4; lastKnownFileType = sourcecode.c.h; path = "ViewController+MASAdditions.h"; sourceTree = "<group>"; };
		D319DAAA216C5B410016A59D /* MASViewConstraint.m */ = {isa = PBXFileReference; fileEncoding = 4; lastKnownFileType = sourcecode.c.objc; path = MASViewConstraint.m; sourceTree = "<group>"; };
		D319DAAB216C5B410016A59D /* MASViewAttribute.m */ = {isa = PBXFileReference; fileEncoding = 4; lastKnownFileType = sourcecode.c.objc; path = MASViewAttribute.m; sourceTree = "<group>"; };
		D319DAB6216C5C910016A59D /* MagicMoveTransition.h */ = {isa = PBXFileReference; lastKnownFileType = sourcecode.c.h; path = MagicMoveTransition.h; sourceTree = "<group>"; };
		D319DAB7216C5C910016A59D /* MagicMoveTransition.m */ = {isa = PBXFileReference; lastKnownFileType = sourcecode.c.objc; path = MagicMoveTransition.m; sourceTree = "<group>"; };
		D319DABA216CAA940016A59D /* BZInteractiveTransition.h */ = {isa = PBXFileReference; lastKnownFileType = sourcecode.c.h; path = BZInteractiveTransition.h; sourceTree = "<group>"; };
		D319DABB216CAA940016A59D /* BZInteractiveTransition.m */ = {isa = PBXFileReference; lastKnownFileType = sourcecode.c.objc; path = BZInteractiveTransition.m; sourceTree = "<group>"; };
		D31E5E61216DE1F000F407F1 /* PresentCtrl.h */ = {isa = PBXFileReference; lastKnownFileType = sourcecode.c.h; path = PresentCtrl.h; sourceTree = "<group>"; };
		D31E5E62216DE1F000F407F1 /* PresentCtrl.m */ = {isa = PBXFileReference; lastKnownFileType = sourcecode.c.objc; path = PresentCtrl.m; sourceTree = "<group>"; };
		D31E5E64216DE20A00F407F1 /* PresentShowCtrl.h */ = {isa = PBXFileReference; lastKnownFileType = sourcecode.c.h; path = PresentShowCtrl.h; sourceTree = "<group>"; };
		D31E5E65216DE20A00F407F1 /* PresentShowCtrl.m */ = {isa = PBXFileReference; lastKnownFileType = sourcecode.c.objc; path = PresentShowCtrl.m; sourceTree = "<group>"; };
		D31E5E67216DE4E500F407F1 /* BZPresentTransition.h */ = {isa = PBXFileReference; lastKnownFileType = sourcecode.c.h; path = BZPresentTransition.h; sourceTree = "<group>"; };
		D31E5E68216DE4E500F407F1 /* BZPresentTransition.m */ = {isa = PBXFileReference; lastKnownFileType = sourcecode.c.objc; path = BZPresentTransition.m; sourceTree = "<group>"; };
/* End PBXFileReference section */

/* Begin PBXFrameworksBuildPhase section */
		D319DA3A216C417B0016A59D /* Frameworks */ = {
			isa = PBXFrameworksBuildPhase;
			buildActionMask = 2147483647;
			files = (
			);
			runOnlyForDeploymentPostprocessing = 0;
		};
		D319DA52216C417D0016A59D /* Frameworks */ = {
			isa = PBXFrameworksBuildPhase;
			buildActionMask = 2147483647;
			files = (
			);
			runOnlyForDeploymentPostprocessing = 0;
		};
		D319DA5D216C417D0016A59D /* Frameworks */ = {
			isa = PBXFrameworksBuildPhase;
			buildActionMask = 2147483647;
			files = (
			);
			runOnlyForDeploymentPostprocessing = 0;
		};
/* End PBXFrameworksBuildPhase section */

/* Begin PBXGroup section */
		D314A42B216F2AB200F14C63 /* Spread */ = {
			isa = PBXGroup;
			children = (
				D314A42E216F2B2200F14C63 /* CircleSpreadCtrl.h */,
				D314A42F216F2B2200F14C63 /* CircleSpreadCtrl.m */,
				D314A431216F2B3600F14C63 /* CircleSpreadShowCtrl.h */,
				D314A432216F2B3600F14C63 /* CircleSpreadShowCtrl.m */,
				D314A434216F2B6A00F14C63 /* BZCircleSpreadTransition.h */,
				D314A435216F2B6A00F14C63 /* BZCircleSpreadTransition.m */,
			);
			path = Spread;
			sourceTree = "<group>";
		};
		D319DA34216C417B0016A59D = {
			isa = PBXGroup;
			children = (
				D319DA3F216C417B0016A59D /* Transition_ObjC */,
				D319DA58216C417D0016A59D /* Transition_ObjCTests */,
				D319DA63216C417D0016A59D /* Transition_ObjCUITests */,
				D319DA3E216C417B0016A59D /* Products */,
			);
			sourceTree = "<group>";
		};
		D319DA3E216C417B0016A59D /* Products */ = {
			isa = PBXGroup;
			children = (
				D319DA3D216C417B0016A59D /* Transition_ObjC.app */,
				D319DA55216C417D0016A59D /* Transition_ObjCTests.xctest */,
				D319DA60216C417D0016A59D /* Transition_ObjCUITests.xctest */,
			);
			name = Products;
			sourceTree = "<group>";
		};
		D319DA3F216C417B0016A59D /* Transition_ObjC */ = {
			isa = PBXGroup;
			children = (
				D314A42B216F2AB200F14C63 /* Spread */,
				D31E5E60216DE17800F407F1 /* Present */,
				D319DAB9216CA9C00016A59D /* Transition */,
				D319DA91216C5B060016A59D /* Vendor */,
				D319DA83216C4EBA0016A59D /* MagicMove */,
				D319DA40216C417B0016A59D /* AppDelegate.h */,
				D319DA41216C417B0016A59D /* AppDelegate.m */,
				D319DA80216C4BD70016A59D /* RootTableCtrl.h */,
				D319DA81216C4BD70016A59D /* RootTableCtrl.m */,
				D319DA46216C417B0016A59D /* Main.storyboard */,
				D319DA49216C417D0016A59D /* Assets.xcassets */,
				D319DA4B216C417D0016A59D /* LaunchScreen.storyboard */,
				D319DA4E216C417D0016A59D /* Info.plist */,
				D319DA4F216C417D0016A59D /* main.m */,
			);
			path = Transition_ObjC;
			sourceTree = "<group>";
		};
		D319DA58216C417D0016A59D /* Transition_ObjCTests */ = {
			isa = PBXGroup;
			children = (
				D319DA59216C417D0016A59D /* Transition_ObjCTests.m */,
				D319DA5B216C417D0016A59D /* Info.plist */,
			);
			path = Transition_ObjCTests;
			sourceTree = "<group>";
		};
		D319DA63216C417D0016A59D /* Transition_ObjCUITests */ = {
			isa = PBXGroup;
			children = (
				D319DA64216C417D0016A59D /* Transition_ObjCUITests.m */,
				D319DA66216C417D0016A59D /* Info.plist */,
			);
			path = Transition_ObjCUITests;
			sourceTree = "<group>";
		};
		D319DA83216C4EBA0016A59D /* MagicMove */ = {
			isa = PBXGroup;
			children = (
				D319DAB6216C5C910016A59D /* MagicMoveTransition.h */,
				D319DAB7216C5C910016A59D /* MagicMoveTransition.m */,
				D319DA84216C4F0E0016A59D /* MagicMoveListCtrl.h */,
				D319DA85216C4F0E0016A59D /* MagicMoveListCtrl.m */,
				D319DA87216C4F440016A59D /* MagicMoveDetailCtrl.h */,
				D319DA88216C4F440016A59D /* MagicMoveDetailCtrl.m */,
				D319DA8A216C54D00016A59D /* MagicMoveListCell.h */,
				D319DA8B216C54D00016A59D /* MagicMoveListCell.m */,
				D319DA8F216C55190016A59D /* MagicMoveListCell.xib */,
			);
			path = MagicMove;
			sourceTree = "<group>";
		};
		D319DA91216C5B060016A59D /* Vendor */ = {
			isa = PBXGroup;
			children = (
				D3283EC0216DEFC8003ACC27 /* Category */,
				D319DA92216C5B410016A59D /* Masonry */,
			);
			path = Vendor;
			sourceTree = "<group>";
		};
		D319DA92216C5B410016A59D /* Masonry */ = {
			isa = PBXGroup;
			children = (
				D319DA93216C5B410016A59D /* MASCompositeConstraint.h */,
				D319DA94216C5B410016A59D /* NSLayoutConstraint+MASDebugAdditions.m */,
				D319DA95216C5B410016A59D /* MASConstraint+Private.h */,
				D319DA96216C5B410016A59D /* MASLayoutConstraint.h */,
				D319DA97216C5B410016A59D /* NSArray+MASShorthandAdditions.h */,
				D319DA98216C5B410016A59D /* MASConstraintMaker.h */,
				D319DA99216C5B410016A59D /* View+MASAdditions.h */,
				D319DA9A216C5B410016A59D /* NSArray+MASAdditions.h */,
				D319DA9B216C5B410016A59D /* MASUtilities.h */,
				D319DA9C216C5B410016A59D /* MASViewAttribute.h */,
				D319DA9D216C5B410016A59D /* ViewController+MASAdditions.m */,
				D319DA9E216C5B410016A59D /* MASViewConstraint.h */,
				D319DA9F216C5B410016A59D /* MASConstraint.h */,
				D319DAA0216C5B410016A59D /* NSLayoutConstraint+MASDebugAdditions.h */,
				D319DAA1216C5B410016A59D /* MASCompositeConstraint.m */,
				D319DAA2216C5B410016A59D /* MASConstraintMaker.m */,
				D319DAA3216C5B410016A59D /* MASLayoutConstraint.m */,
				D319DAA4216C5B410016A59D /* NSArray+MASAdditions.m */,
				D319DAA5216C5B410016A59D /* View+MASAdditions.m */,
				D319DAA6216C5B410016A59D /* View+MASShorthandAdditions.h */,
				D319DAA7216C5B410016A59D /* Masonry.h */,
				D319DAA8216C5B410016A59D /* MASConstraint.m */,
				D319DAA9216C5B410016A59D /* ViewController+MASAdditions.h */,
				D319DAAA216C5B410016A59D /* MASViewConstraint.m */,
				D319DAAB216C5B410016A59D /* MASViewAttribute.m */,
			);
			path = Masonry;
			sourceTree = "<group>";
		};
		D319DAB9216CA9C00016A59D /* Transition */ = {
			isa = PBXGroup;
			children = (
				D319DABA216CAA940016A59D /* BZInteractiveTransition.h */,
				D319DABB216CAA940016A59D /* BZInteractiveTransition.m */,
			);
			path = Transition;
			sourceTree = "<group>";
		};
		D31E5E60216DE17800F407F1 /* Present */ = {
			isa = PBXGroup;
			children = (
				D31E5E61216DE1F000F407F1 /* PresentCtrl.h */,
				D31E5E62216DE1F000F407F1 /* PresentCtrl.m */,
				D31E5E64216DE20A00F407F1 /* PresentShowCtrl.h */,
				D31E5E65216DE20A00F407F1 /* PresentShowCtrl.m */,
				D31E5E67216DE4E500F407F1 /* BZPresentTransition.h */,
				D31E5E68216DE4E500F407F1 /* BZPresentTransition.m */,
			);
			path = Present;
			sourceTree = "<group>";
		};
		D3283EC0216DEFC8003ACC27 /* Category */ = {
			isa = PBXGroup;
			children = (
			);
			path = Category;
			sourceTree = "<group>";
		};
/* End PBXGroup section */

/* Begin PBXNativeTarget section */
		D319DA3C216C417B0016A59D /* Transition_ObjC */ = {
			isa = PBXNativeTarget;
			buildConfigurationList = D319DA69216C417D0016A59D /* Build configuration list for PBXNativeTarget "Transition_ObjC" */;
			buildPhases = (
				D319DA39216C417B0016A59D /* Sources */,
				D319DA3A216C417B0016A59D /* Frameworks */,
				D319DA3B216C417B0016A59D /* Resources */,
			);
			buildRules = (
			);
			dependencies = (
			);
			name = Transition_ObjC;
			productName = Transition_ObjC;
			productReference = D319DA3D216C417B0016A59D /* Transition_ObjC.app */;
			productType = "com.apple.product-type.application";
		};
		D319DA54216C417D0016A59D /* Transition_ObjCTests */ = {
			isa = PBXNativeTarget;
			buildConfigurationList = D319DA6C216C417D0016A59D /* Build configuration list for PBXNativeTarget "Transition_ObjCTests" */;
			buildPhases = (
				D319DA51216C417D0016A59D /* Sources */,
				D319DA52216C417D0016A59D /* Frameworks */,
				D319DA53216C417D0016A59D /* Resources */,
			);
			buildRules = (
			);
			dependencies = (
				D319DA57216C417D0016A59D /* PBXTargetDependency */,
			);
			name = Transition_ObjCTests;
			productName = Transition_ObjCTests;
			productReference = D319DA55216C417D0016A59D /* Transition_ObjCTests.xctest */;
			productType = "com.apple.product-type.bundle.unit-test";
		};
		D319DA5F216C417D0016A59D /* Transition_ObjCUITests */ = {
			isa = PBXNativeTarget;
			buildConfigurationList = D319DA6F216C417D0016A59D /* Build configuration list for PBXNativeTarget "Transition_ObjCUITests" */;
			buildPhases = (
				D319DA5C216C417D0016A59D /* Sources */,
				D319DA5D216C417D0016A59D /* Frameworks */,
				D319DA5E216C417D0016A59D /* Resources */,
			);
			buildRules = (
			);
			dependencies = (
				D319DA62216C417D0016A59D /* PBXTargetDependency */,
			);
			name = Transition_ObjCUITests;
			productName = Transition_ObjCUITests;
			productReference = D319DA60216C417D0016A59D /* Transition_ObjCUITests.xctest */;
			productType = "com.apple.product-type.bundle.ui-testing";
		};
/* End PBXNativeTarget section */

/* Begin PBXProject section */
		D319DA35216C417B0016A59D /* Project object */ = {
			isa = PBXProject;
			attributes = {
				LastUpgradeCheck = 0940;
				ORGANIZATIONNAME = Neo_ZH;
				TargetAttributes = {
					D319DA3C216C417B0016A59D = {
						CreatedOnToolsVersion = 9.4.1;
						LastSwiftMigration = 1000;
					};
					D319DA54216C417D0016A59D = {
						CreatedOnToolsVersion = 9.4.1;
						TestTargetID = D319DA3C216C417B0016A59D;
					};
					D319DA5F216C417D0016A59D = {
						CreatedOnToolsVersion = 9.4.1;
						TestTargetID = D319DA3C216C417B0016A59D;
					};
				};
			};
			buildConfigurationList = D319DA38216C417B0016A59D /* Build configuration list for PBXProject "Transition_ObjC" */;
			compatibilityVersion = "Xcode 9.3";
			developmentRegion = en;
			hasScannedForEncodings = 0;
			knownRegions = (
				en,
				Base,
			);
			mainGroup = D319DA34216C417B0016A59D;
			productRefGroup = D319DA3E216C417B0016A59D /* Products */;
			projectDirPath = "";
			projectRoot = "";
			targets = (
				D319DA3C216C417B0016A59D /* Transition_ObjC */,
				D319DA54216C417D0016A59D /* Transition_ObjCTests */,
				D319DA5F216C417D0016A59D /* Transition_ObjCUITests */,
			);
		};
/* End PBXProject section */

/* Begin PBXResourcesBuildPhase section */
		D319DA3B216C417B0016A59D /* Resources */ = {
			isa = PBXResourcesBuildPhase;
			buildActionMask = 2147483647;
			files = (
				D319DA4D216C417D0016A59D /* LaunchScreen.storyboard in Resources */,
				D319DA4A216C417D0016A59D /* Assets.xcassets in Resources */,
				D319DA90216C55190016A59D /* MagicMoveListCell.xib in Resources */,
				D319DA48216C417B0016A59D /* Main.storyboard in Resources */,
			);
			runOnlyForDeploymentPostprocessing = 0;
		};
		D319DA53216C417D0016A59D /* Resources */ = {
			isa = PBXResourcesBuildPhase;
			buildActionMask = 2147483647;
			files = (
			);
			runOnlyForDeploymentPostprocessing = 0;
		};
		D319DA5E216C417D0016A59D /* Resources */ = {
			isa = PBXResourcesBuildPhase;
			buildActionMask = 2147483647;
			files = (
			);
			runOnlyForDeploymentPostprocessing = 0;
		};
/* End PBXResourcesBuildPhase section */

/* Begin PBXSourcesBuildPhase section */
		D319DA39216C417B0016A59D /* Sources */ = {
			isa = PBXSourcesBuildPhase;
			buildActionMask = 2147483647;
			files = (
				D319DAB4216C5B410016A59D /* MASViewConstraint.m in Sources */,
				D319DA50216C417D0016A59D /* main.m in Sources */,
				D319DAAF216C5B410016A59D /* MASConstraintMaker.m in Sources */,
				D319DA42216C417B0016A59D /* AppDelegate.m in Sources */,
				D319DAAD216C5B410016A59D /* ViewController+MASAdditions.m in Sources */,
				D319DAAC216C5B410016A59D /* NSLayoutConstraint+MASDebugAdditions.m in Sources */,
				D319DAAE216C5B410016A59D /* MASCompositeConstraint.m in Sources */,
				D319DA82216C4BD70016A59D /* RootTableCtrl.m in Sources */,
				D319DAB0216C5B410016A59D /* MASLayoutConstraint.m in Sources */,
				D319DAB2216C5B410016A59D /* View+MASAdditions.m in Sources */,
				D319DAB8216C5C910016A59D /* MagicMoveTransition.m in Sources */,
				D319DAB1216C5B410016A59D /* NSArray+MASAdditions.m in Sources */,
				D319DA89216C4F440016A59D /* MagicMoveDetailCtrl.m in Sources */,
				D319DABC216CAA940016A59D /* BZInteractiveTransition.m in Sources */,
				D319DA8D216C54D00016A59D /* MagicMoveListCell.m in Sources */,
				D31E5E69216DE4E500F407F1 /* BZPresentTransition.m in Sources */,
				D31E5E63216DE1F000F407F1 /* PresentCtrl.m in Sources */,
				D314A430216F2B2200F14C63 /* CircleSpreadCtrl.m in Sources */,
				D319DAB5216C5B410016A59D /* MASViewAttribute.m in Sources */,
				D319DAB3216C5B410016A59D /* MASConstraint.m in Sources */,
				D319DA86216C4F0E0016A59D /* MagicMoveListCtrl.m in Sources */,
				D314A436216F2B6A00F14C63 /* BZCircleSpreadTransition.m in Sources */,
				D31E5E66216DE20A00F407F1 /* PresentShowCtrl.m in Sources */,
				D314A433216F2B3600F14C63 /* CircleSpreadShowCtrl.m in Sources */,
			);
			runOnlyForDeploymentPostprocessing = 0;
		};
		D319DA51216C417D0016A59D /* Sources */ = {
			isa = PBXSourcesBuildPhase;
			buildActionMask = 2147483647;
			files = (
				D319DA5A216C417D0016A59D /* Transition_ObjCTests.m in Sources */,
			);
			runOnlyForDeploymentPostprocessing = 0;
		};
		D319DA5C216C417D0016A59D /* Sources */ = {
			isa = PBXSourcesBuildPhase;
			buildActionMask = 2147483647;
			files = (
				D319DA65216C417D0016A59D /* Transition_ObjCUITests.m in Sources */,
			);
			runOnlyForDeploymentPostprocessing = 0;
		};
/* End PBXSourcesBuildPhase section */

/* Begin PBXTargetDependency section */
		D319DA57216C417D0016A59D /* PBXTargetDependency */ = {
			isa = PBXTargetDependency;
			target = D319DA3C216C417B0016A59D /* Transition_ObjC */;
			targetProxy = D319DA56216C417D0016A59D /* PBXContainerItemProxy */;
		};
		D319DA62216C417D0016A59D /* PBXTargetDependency */ = {
			isa = PBXTargetDependency;
			target = D319DA3C216C417B0016A59D /* Transition_ObjC */;
			targetProxy = D319DA61216C417D0016A59D /* PBXContainerItemProxy */;
		};
/* End PBXTargetDependency section */

/* Begin PBXVariantGroup section */
		D319DA46216C417B0016A59D /* Main.storyboard */ = {
			isa = PBXVariantGroup;
			children = (
				D319DA47216C417B0016A59D /* Base */,
			);
			name = Main.storyboard;
			sourceTree = "<group>";
		};
		D319DA4B216C417D0016A59D /* LaunchScreen.storyboard */ = {
			isa = PBXVariantGroup;
			children = (
				D319DA4C216C417D0016A59D /* Base */,
			);
			name = LaunchScreen.storyboard;
			sourceTree = "<group>";
		};
/* End PBXVariantGroup section */

/* Begin XCBuildConfiguration section */
		D319DA67216C417D0016A59D /* Debug */ = {
			isa = XCBuildConfiguration;
			buildSettings = {
				ALWAYS_SEARCH_USER_PATHS = NO;
				CLANG_ANALYZER_NONNULL = YES;
				CLANG_ANALYZER_NUMBER_OBJECT_CONVERSION = YES_AGGRESSIVE;
				CLANG_CXX_LANGUAGE_STANDARD = "gnu++14";
				CLANG_CXX_LIBRARY = "libc++";
				CLANG_ENABLE_MODULES = YES;
				CLANG_ENABLE_OBJC_ARC = YES;
				CLANG_ENABLE_OBJC_WEAK = YES;
				CLANG_WARN_BLOCK_CAPTURE_AUTORELEASING = YES;
				CLANG_WARN_BOOL_CONVERSION = YES;
				CLANG_WARN_COMMA = YES;
				CLANG_WARN_CONSTANT_CONVERSION = YES;
				CLANG_WARN_DEPRECATED_OBJC_IMPLEMENTATIONS = YES;
				CLANG_WARN_DIRECT_OBJC_ISA_USAGE = YES_ERROR;
				CLANG_WARN_DOCUMENTATION_COMMENTS = YES;
				CLANG_WARN_EMPTY_BODY = YES;
				CLANG_WARN_ENUM_CONVERSION = YES;
				CLANG_WARN_INFINITE_RECURSION = YES;
				CLANG_WARN_INT_CONVERSION = YES;
				CLANG_WARN_NON_LITERAL_NULL_CONVERSION = YES;
				CLANG_WARN_OBJC_IMPLICIT_RETAIN_SELF = YES;
				CLANG_WARN_OBJC_LITERAL_CONVERSION = YES;
				CLANG_WARN_OBJC_ROOT_CLASS = YES_ERROR;
				CLANG_WARN_RANGE_LOOP_ANALYSIS = YES;
				CLANG_WARN_STRICT_PROTOTYPES = YES;
				CLANG_WARN_SUSPICIOUS_MOVE = YES;
				CLANG_WARN_UNGUARDED_AVAILABILITY = YES_AGGRESSIVE;
				CLANG_WARN_UNREACHABLE_CODE = YES;
				CLANG_WARN__DUPLICATE_METHOD_MATCH = YES;
				CODE_SIGN_IDENTITY = "iPhone Developer";
				COPY_PHASE_STRIP = NO;
				DEBUG_INFORMATION_FORMAT = dwarf;
				ENABLE_STRICT_OBJC_MSGSEND = YES;
				ENABLE_TESTABILITY = YES;
				GCC_C_LANGUAGE_STANDARD = gnu11;
				GCC_DYNAMIC_NO_PIC = NO;
				GCC_NO_COMMON_BLOCKS = YES;
				GCC_OPTIMIZATION_LEVEL = 0;
				GCC_PREPROCESSOR_DEFINITIONS = (
					"DEBUG=1",
					"$(inherited)",
				);
				GCC_WARN_64_TO_32_BIT_CONVERSION = YES;
				GCC_WARN_ABOUT_RETURN_TYPE = YES_ERROR;
				GCC_WARN_UNDECLARED_SELECTOR = YES;
				GCC_WARN_UNINITIALIZED_AUTOS = YES_AGGRESSIVE;
				GCC_WARN_UNUSED_FUNCTION = YES;
				GCC_WARN_UNUSED_VARIABLE = YES;
				IPHONEOS_DEPLOYMENT_TARGET = 10.0;
				MTL_ENABLE_DEBUG_INFO = YES;
				ONLY_ACTIVE_ARCH = YES;
				SDKROOT = iphoneos;
			};
			name = Debug;
		};
		D319DA68216C417D0016A59D /* Release */ = {
			isa = XCBuildConfiguration;
			buildSettings = {
				ALWAYS_SEARCH_USER_PATHS = NO;
				CLANG_ANALYZER_NONNULL = YES;
				CLANG_ANALYZER_NUMBER_OBJECT_CONVERSION = YES_AGGRESSIVE;
				CLANG_CXX_LANGUAGE_STANDARD = "gnu++14";
				CLANG_CXX_LIBRARY = "libc++";
				CLANG_ENABLE_MODULES = YES;
				CLANG_ENABLE_OBJC_ARC = YES;
				CLANG_ENABLE_OBJC_WEAK = YES;
				CLANG_WARN_BLOCK_CAPTURE_AUTORELEASING = YES;
				CLANG_WARN_BOOL_CONVERSION = YES;
				CLANG_WARN_COMMA = YES;
				CLANG_WARN_CONSTANT_CONVERSION = YES;
				CLANG_WARN_DEPRECATED_OBJC_IMPLEMENTATIONS = YES;
				CLANG_WARN_DIRECT_OBJC_ISA_USAGE = YES_ERROR;
				CLANG_WARN_DOCUMENTATION_COMMENTS = YES;
				CLANG_WARN_EMPTY_BODY = YES;
				CLANG_WARN_ENUM_CONVERSION = YES;
				CLANG_WARN_INFINITE_RECURSION = YES;
				CLANG_WARN_INT_CONVERSION = YES;
				CLANG_WARN_NON_LITERAL_NULL_CONVERSION = YES;
				CLANG_WARN_OBJC_IMPLICIT_RETAIN_SELF = YES;
				CLANG_WARN_OBJC_LITERAL_CONVERSION = YES;
				CLANG_WARN_OBJC_ROOT_CLASS = YES_ERROR;
				CLANG_WARN_RANGE_LOOP_ANALYSIS = YES;
				CLANG_WARN_STRICT_PROTOTYPES = YES;
				CLANG_WARN_SUSPICIOUS_MOVE = YES;
				CLANG_WARN_UNGUARDED_AVAILABILITY = YES_AGGRESSIVE;
				CLANG_WARN_UNREACHABLE_CODE = YES;
				CLANG_WARN__DUPLICATE_METHOD_MATCH = YES;
				CODE_SIGN_IDENTITY = "iPhone Developer";
				COPY_PHASE_STRIP = NO;
				DEBUG_INFORMATION_FORMAT = "dwarf-with-dsym";
				ENABLE_NS_ASSERTIONS = NO;
				ENABLE_STRICT_OBJC_MSGSEND = YES;
				GCC_C_LANGUAGE_STANDARD = gnu11;
				GCC_NO_COMMON_BLOCKS = YES;
				GCC_WARN_64_TO_32_BIT_CONVERSION = YES;
				GCC_WARN_ABOUT_RETURN_TYPE = YES_ERROR;
				GCC_WARN_UNDECLARED_SELECTOR = YES;
				GCC_WARN_UNINITIALIZED_AUTOS = YES_AGGRESSIVE;
				GCC_WARN_UNUSED_FUNCTION = YES;
				GCC_WARN_UNUSED_VARIABLE = YES;
				IPHONEOS_DEPLOYMENT_TARGET = 10.0;
				MTL_ENABLE_DEBUG_INFO = NO;
				SDKROOT = iphoneos;
				VALIDATE_PRODUCT = YES;
			};
			name = Release;
		};
		D319DA6A216C417D0016A59D /* Debug */ = {
			isa = XCBuildConfiguration;
			buildSettings = {
				ASSETCATALOG_COMPILER_APPICON_NAME = AppIcon;
				CLANG_ENABLE_MODULES = YES;
				CODE_SIGN_STYLE = Automatic;
				DEVELOPMENT_TEAM = LLQ4E8YA2P;
				INFOPLIST_FILE = Transition_ObjC/Info.plist;
				IPHONEOS_DEPLOYMENT_TARGET = 10.0;
				LD_RUNPATH_SEARCH_PATHS = (
					"$(inherited)",
					"@executable_path/Frameworks",
				);
				PRODUCT_BUNDLE_IDENTIFIER = "com.neozh.Transition-ObjC";
				PRODUCT_NAME = "$(TARGET_NAME)";
				SWIFT_OPTIMIZATION_LEVEL = "-Onone";
				SWIFT_VERSION = 4.2;
				TARGETED_DEVICE_FAMILY = "1,2";
			};
			name = Debug;
		};
		D319DA6B216C417D0016A59D /* Release */ = {
			isa = XCBuildConfiguration;
			buildSettings = {
				ASSETCATALOG_COMPILER_APPICON_NAME = AppIcon;
				CLANG_ENABLE_MODULES = YES;
				CODE_SIGN_STYLE = Automatic;
				DEVELOPMENT_TEAM = LLQ4E8YA2P;
				INFOPLIST_FILE = Transition_ObjC/Info.plist;
				IPHONEOS_DEPLOYMENT_TARGET = 10.0;
				LD_RUNPATH_SEARCH_PATHS = (
					"$(inherited)",
					"@executable_path/Frameworks",
				);
				PRODUCT_BUNDLE_IDENTIFIER = "com.neozh.Transition-ObjC";
				PRODUCT_NAME = "$(TARGET_NAME)";
				SWIFT_VERSION = 4.2;
				TARGETED_DEVICE_FAMILY = "1,2";
			};
			name = Release;
		};
		D319DA6D216C417D0016A59D /* Debug */ = {
			isa = XCBuildConfiguration;
			buildSettings = {
				BUNDLE_LOADER = "$(TEST_HOST)";
				CODE_SIGN_STYLE = Automatic;
				INFOPLIST_FILE = Transition_ObjCTests/Info.plist;
				LD_RUNPATH_SEARCH_PATHS = (
					"$(inherited)",
					"@executable_path/Frameworks",
					"@loader_path/Frameworks",
				);
				PRODUCT_BUNDLE_IDENTIFIER = "com.neozh.Transition-ObjCTests";
				PRODUCT_NAME = "$(TARGET_NAME)";
				TARGETED_DEVICE_FAMILY = "1,2";
				TEST_HOST = "$(BUILT_PRODUCTS_DIR)/Transition_ObjC.app/Transition_ObjC";
			};
			name = Debug;
		};
		D319DA6E216C417D0016A59D /* Release */ = {
			isa = XCBuildConfiguration;
			buildSettings = {
				BUNDLE_LOADER = "$(TEST_HOST)";
				CODE_SIGN_STYLE = Automatic;
				INFOPLIST_FILE = Transition_ObjCTests/Info.plist;
				LD_RUNPATH_SEARCH_PATHS = (
					"$(inherited)",
					"@executable_path/Frameworks",
					"@loader_path/Frameworks",
				);
				PRODUCT_BUNDLE_IDENTIFIER = "com.neozh.Transition-ObjCTests";
				PRODUCT_NAME = "$(TARGET_NAME)";
				TARGETED_DEVICE_FAMILY = "1,2";
				TEST_HOST = "$(BUILT_PRODUCTS_DIR)/Transition_ObjC.app/Transition_ObjC";
			};
			name = Release;
		};
		D319DA70216C417D0016A59D /* Debug */ = {
			isa = XCBuildConfiguration;
			buildSettings = {
				CODE_SIGN_STYLE = Automatic;
				INFOPLIST_FILE = Transition_ObjCUITests/Info.plist;
				LD_RUNPATH_SEARCH_PATHS = (
					"$(inherited)",
					"@executable_path/Frameworks",
					"@loader_path/Frameworks",
				);
				PRODUCT_BUNDLE_IDENTIFIER = "com.neozh.Transition-ObjCUITests";
				PRODUCT_NAME = "$(TARGET_NAME)";
				TARGETED_DEVICE_FAMILY = "1,2";
				TEST_TARGET_NAME = Transition_ObjC;
			};
			name = Debug;
		};
		D319DA71216C417D0016A59D /* Release */ = {
			isa = XCBuildConfiguration;
			buildSettings = {
				CODE_SIGN_STYLE = Automatic;
				INFOPLIST_FILE = Transition_ObjCUITests/Info.plist;
				LD_RUNPATH_SEARCH_PATHS = (
					"$(inherited)",
					"@executable_path/Frameworks",
					"@loader_path/Frameworks",
				);
				PRODUCT_BUNDLE_IDENTIFIER = "com.neozh.Transition-ObjCUITests";
				PRODUCT_NAME = "$(TARGET_NAME)";
				TARGETED_DEVICE_FAMILY = "1,2";
				TEST_TARGET_NAME = Transition_ObjC;
			};
			name = Release;
		};
/* End XCBuildConfiguration section */

/* Begin XCConfigurationList section */
		D319DA38216C417B0016A59D /* Build configuration list for PBXProject "Transition_ObjC" */ = {
			isa = XCConfigurationList;
			buildConfigurations = (
				D319DA67216C417D0016A59D /* Debug */,
				D319DA68216C417D0016A59D /* Release */,
			);
			defaultConfigurationIsVisible = 0;
			defaultConfigurationName = Release;
		};
		D319DA69216C417D0016A59D /* Build configuration list for PBXNativeTarget "Transition_ObjC" */ = {
			isa = XCConfigurationList;
			buildConfigurations = (
				D319DA6A216C417D0016A59D /* Debug */,
				D319DA6B216C417D0016A59D /* Release */,
			);
			defaultConfigurationIsVisible = 0;
			defaultConfigurationName = Release;
		};
		D319DA6C216C417D0016A59D /* Build configuration list for PBXNativeTarget "Transition_ObjCTests" */ = {
			isa = XCConfigurationList;
			buildConfigurations = (
				D319DA6D216C417D0016A59D /* Debug */,
				D319DA6E216C417D0016A59D /* Release */,
			);
			defaultConfigurationIsVisible = 0;
			defaultConfigurationName = Release;
		};
		D319DA6F216C417D0016A59D /* Build configuration list for PBXNativeTarget "Transition_ObjCUITests" */ = {
			isa = XCConfigurationList;
			buildConfigurations = (
				D319DA70216C417D0016A59D /* Debug */,
				D319DA71216C417D0016A59D /* Release */,
			);
			defaultConfigurationIsVisible = 0;
			defaultConfigurationName = Release;
		};
/* End XCConfigurationList section */
	};
	rootObject = D319DA35216C417B0016A59D /* Project object */;
}
