// !$*UTF8*$!
{
	archiveVersion = 1;
	classes = {
	};
	objectVersion = 50;
	objects = {

/* Begin PBXBuildFile section */
		D3083614216B5E0900D9500D /* AppDelegate.m in Sources */ = {isa = PBXBuildFile; fileRef = D3083613216B5E0900D9500D /* AppDelegate.m */; };
		D3083617216B5E0900D9500D /* MasterViewController.m in Sources */ = {isa = PBXBuildFile; fileRef = D3083616216B5E0900D9500D /* MasterViewController.m */; };
		D308361A216B5E0900D9500D /* DetailViewController.m in Sources */ = {isa = PBXBuildFile; fileRef = D3083619216B5E0900D9500D /* DetailViewController.m */; };
		D308361D216B5E0900D9500D /* Main.storyboard in Resources */ = {isa = PBXBuildFile; fileRef = D308361B216B5E0900D9500D /* Main.storyboard */; };
		D308361F216B5E0B00D9500D /* Assets.xcassets in Resources */ = {isa = PBXBuildFile; fileRef = D308361E216B5E0B00D9500D /* Assets.xcassets */; };
		D3083622216B5E0B00D9500D /* LaunchScreen.storyboard in Resources */ = {isa = PBXBuildFile; fileRef = D3083620216B5E0B00D9500D /* LaunchScreen.storyboard */; };
		D3083625216B5E0B00D9500D /* main.m in Sources */ = {isa = PBXBuildFile; fileRef = D3083624216B5E0B00D9500D /* main.m */; };
		D308362F216B5E0B00D9500D /* Transition_ObjCTests.m in Sources */ = {isa = PBXBuildFile; fileRef = D308362E216B5E0B00D9500D /* Transition_ObjCTests.m */; };
		D308363A216B5E0B00D9500D /* Transition_ObjCUITests.m in Sources */ = {isa = PBXBuildFile; fileRef = D3083639216B5E0B00D9500D /* Transition_ObjCUITests.m */; };
/* End PBXBuildFile section */

/* Begin PBXContainerItemProxy section */
		D308362B216B5E0B00D9500D /* PBXContainerItemProxy */ = {
			isa = PBXContainerItemProxy;
			containerPortal = D3083607216B5E0900D9500D /* Project object */;
			proxyType = 1;
			remoteGlobalIDString = D308360E216B5E0900D9500D;
			remoteInfo = Transition_ObjC;
		};
		D3083636216B5E0B00D9500D /* PBXContainerItemProxy */ = {
			isa = PBXContainerItemProxy;
			containerPortal = D3083607216B5E0900D9500D /* Project object */;
			proxyType = 1;
			remoteGlobalIDString = D308360E216B5E0900D9500D;
			remoteInfo = Transition_ObjC;
		};
/* End PBXContainerItemProxy section */

/* Begin PBXFileReference section */
		D308360F216B5E0900D9500D /* Transition_ObjC.app */ = {isa = PBXFileReference; explicitFileType = wrapper.application; includeInIndex = 0; path = Transition_ObjC.app; sourceTree = BUILT_PRODUCTS_DIR; };
		D3083612216B5E0900D9500D /* AppDelegate.h */ = {isa = PBXFileReference; lastKnownFileType = sourcecode.c.h; path = AppDelegate.h; sourceTree = "<group>"; };
		D3083613216B5E0900D9500D /* AppDelegate.m */ = {isa = PBXFileReference; lastKnownFileType = sourcecode.c.objc; path = AppDelegate.m; sourceTree = "<group>"; };
		D3083615216B5E0900D9500D /* MasterViewController.h */ = {isa = PBXFileReference; lastKnownFileType = sourcecode.c.h; path = MasterViewController.h; sourceTree = "<group>"; };
		D3083616216B5E0900D9500D /* MasterViewController.m */ = {isa = PBXFileReference; lastKnownFileType = sourcecode.c.objc; path = MasterViewController.m; sourceTree = "<group>"; };
		D3083618216B5E0900D9500D /* DetailViewController.h */ = {isa = PBXFileReference; lastKnownFileType = sourcecode.c.h; path = DetailViewController.h; sourceTree = "<group>"; };
		D3083619216B5E0900D9500D /* DetailViewController.m */ = {isa = PBXFileReference; lastKnownFileType = sourcecode.c.objc; path = DetailViewController.m; sourceTree = "<group>"; };
		D308361C216B5E0900D9500D /* Base */ = {isa = PBXFileReference; lastKnownFileType = file.storyboard; name = Base; path = Base.lproj/Main.storyboard; sourceTree = "<group>"; };
		D308361E216B5E0B00D9500D /* Assets.xcassets */ = {isa = PBXFileReference; lastKnownFileType = folder.assetcatalog; path = Assets.xcassets; sourceTree = "<group>"; };
		D3083621216B5E0B00D9500D /* Base */ = {isa = PBXFileReference; lastKnownFileType = file.storyboard; name = Base; path = Base.lproj/LaunchScreen.storyboard; sourceTree = "<group>"; };
		D3083623216B5E0B00D9500D /* Info.plist */ = {isa = PBXFileReference; lastKnownFileType = text.plist.xml; path = Info.plist; sourceTree = "<group>"; };
		D3083624216B5E0B00D9500D /* main.m */ = {isa = PBXFileReference; lastKnownFileType = sourcecode.c.objc; path = main.m; sourceTree = "<group>"; };
		D308362A216B5E0B00D9500D /* Transition_ObjCTests.xctest */ = {isa = PBXFileReference; explicitFileType = wrapper.cfbundle; includeInIndex = 0; path = Transition_ObjCTests.xctest; sourceTree = BUILT_PRODUCTS_DIR; };
		D308362E216B5E0B00D9500D /* Transition_ObjCTests.m */ = {isa = PBXFileReference; lastKnownFileType = sourcecode.c.objc; path = Transition_ObjCTests.m; sourceTree = "<group>"; };
		D3083630216B5E0B00D9500D /* Info.plist */ = {isa = PBXFileReference; lastKnownFileType = text.plist.xml; path = Info.plist; sourceTree = "<group>"; };
		D3083635216B5E0B00D9500D /* Transition_ObjCUITests.xctest */ = {isa = PBXFileReference; explicitFileType = wrapper.cfbundle; includeInIndex = 0; path = Transition_ObjCUITests.xctest; sourceTree = BUILT_PRODUCTS_DIR; };
		D3083639216B5E0B00D9500D /* Transition_ObjCUITests.m */ = {isa = PBXFileReference; lastKnownFileType = sourcecode.c.objc; path = Transition_ObjCUITests.m; sourceTree = "<group>"; };
		D308363B216B5E0B00D9500D /* Info.plist */ = {isa = PBXFileReference; lastKnownFileType = text.plist.xml; path = Info.plist; sourceTree = "<group>"; };
/* End PBXFileReference section */

/* Begin PBXFrameworksBuildPhase section */
		D308360C216B5E0900D9500D /* Frameworks */ = {
			isa = PBXFrameworksBuildPhase;
			buildActionMask = 2147483647;
			files = (
			);
			runOnlyForDeploymentPostprocessing = 0;
		};
		D3083627216B5E0B00D9500D /* Frameworks */ = {
			isa = PBXFrameworksBuildPhase;
			buildActionMask = 2147483647;
			files = (
			);
			runOnlyForDeploymentPostprocessing = 0;
		};
		D3083632216B5E0B00D9500D /* Frameworks */ = {
			isa = PBXFrameworksBuildPhase;
			buildActionMask = 2147483647;
			files = (
			);
			runOnlyForDeploymentPostprocessing = 0;
		};
/* End PBXFrameworksBuildPhase section */

/* Begin PBXGroup section */
		D3083606216B5E0900D9500D = {
			isa = PBXGroup;
			children = (
				D3083611216B5E0900D9500D /* Transition_ObjC */,
				D308362D216B5E0B00D9500D /* Transition_ObjCTests */,
				D3083638216B5E0B00D9500D /* Transition_ObjCUITests */,
				D3083610216B5E0900D9500D /* Products */,
			);
			sourceTree = "<group>";
		};
		D3083610216B5E0900D9500D /* Products */ = {
			isa = PBXGroup;
			children = (
				D308360F216B5E0900D9500D /* Transition_ObjC.app */,
				D308362A216B5E0B00D9500D /* Transition_ObjCTests.xctest */,
				D3083635216B5E0B00D9500D /* Transition_ObjCUITests.xctest */,
			);
			name = Products;
			sourceTree = "<group>";
		};
		D3083611216B5E0900D9500D /* Transition_ObjC */ = {
			isa = PBXGroup;
			children = (
				D3083612216B5E0900D9500D /* AppDelegate.h */,
				D3083613216B5E0900D9500D /* AppDelegate.m */,
				D3083615216B5E0900D9500D /* MasterViewController.h */,
				D3083616216B5E0900D9500D /* MasterViewController.m */,
				D3083618216B5E0900D9500D /* DetailViewController.h */,
				D3083619216B5E0900D9500D /* DetailViewController.m */,
				D308361B216B5E0900D9500D /* Main.storyboard */,
				D308361E216B5E0B00D9500D /* Assets.xcassets */,
				D3083620216B5E0B00D9500D /* LaunchScreen.storyboard */,
				D3083623216B5E0B00D9500D /* Info.plist */,
				D3083624216B5E0B00D9500D /* main.m */,
			);
			path = Transition_ObjC;
			sourceTree = "<group>";
		};
		D308362D216B5E0B00D9500D /* Transition_ObjCTests */ = {
			isa = PBXGroup;
			children = (
				D308362E216B5E0B00D9500D /* Transition_ObjCTests.m */,
				D3083630216B5E0B00D9500D /* Info.plist */,
			);
			path = Transition_ObjCTests;
			sourceTree = "<group>";
		};
		D3083638216B5E0B00D9500D /* Transition_ObjCUITests */ = {
			isa = PBXGroup;
			children = (
				D3083639216B5E0B00D9500D /* Transition_ObjCUITests.m */,
				D308363B216B5E0B00D9500D /* Info.plist */,
			);
			path = Transition_ObjCUITests;
			sourceTree = "<group>";
		};
/* End PBXGroup section */

/* Begin PBXNativeTarget section */
		D308360E216B5E0900D9500D /* Transition_ObjC */ = {
			isa = PBXNativeTarget;
			buildConfigurationList = D308363E216B5E0B00D9500D /* Build configuration list for PBXNativeTarget "Transition_ObjC" */;
			buildPhases = (
				D308360B216B5E0900D9500D /* Sources */,
				D308360C216B5E0900D9500D /* Frameworks */,
				D308360D216B5E0900D9500D /* Resources */,
			);
			buildRules = (
			);
			dependencies = (
			);
			name = Transition_ObjC;
			productName = Transition_ObjC;
			productReference = D308360F216B5E0900D9500D /* Transition_ObjC.app */;
			productType = "com.apple.product-type.application";
		};
		D3083629216B5E0B00D9500D /* Transition_ObjCTests */ = {
			isa = PBXNativeTarget;
			buildConfigurationList = D3083641216B5E0B00D9500D /* Build configuration list for PBXNativeTarget "Transition_ObjCTests" */;
			buildPhases = (
				D3083626216B5E0B00D9500D /* Sources */,
				D3083627216B5E0B00D9500D /* Frameworks */,
				D3083628216B5E0B00D9500D /* Resources */,
			);
			buildRules = (
			);
			dependencies = (
				D308362C216B5E0B00D9500D /* PBXTargetDependency */,
			);
			name = Transition_ObjCTests;
			productName = Transition_ObjCTests;
			productReference = D308362A216B5E0B00D9500D /* Transition_ObjCTests.xctest */;
			productType = "com.apple.product-type.bundle.unit-test";
		};
		D3083634216B5E0B00D9500D /* Transition_ObjCUITests */ = {
			isa = PBXNativeTarget;
			buildConfigurationList = D3083644216B5E0B00D9500D /* Build configuration list for PBXNativeTarget "Transition_ObjCUITests" */;
			buildPhases = (
				D3083631216B5E0B00D9500D /* Sources */,
				D3083632216B5E0B00D9500D /* Frameworks */,
				D3083633216B5E0B00D9500D /* Resources */,
			);
			buildRules = (
			);
			dependencies = (
				D3083637216B5E0B00D9500D /* PBXTargetDependency */,
			);
			name = Transition_ObjCUITests;
			productName = Transition_ObjCUITests;
			productReference = D3083635216B5E0B00D9500D /* Transition_ObjCUITests.xctest */;
			productType = "com.apple.product-type.bundle.ui-testing";
		};
/* End PBXNativeTarget section */

/* Begin PBXProject section */
		D3083607216B5E0900D9500D /* Project object */ = {
			isa = PBXProject;
			attributes = {
				LastUpgradeCheck = 0940;
				ORGANIZATIONNAME = Neo_ZH;
				TargetAttributes = {
					D308360E216B5E0900D9500D = {
						CreatedOnToolsVersion = 9.4.1;
					};
					D3083629216B5E0B00D9500D = {
						CreatedOnToolsVersion = 9.4.1;
						TestTargetID = D308360E216B5E0900D9500D;
					};
					D3083634216B5E0B00D9500D = {
						CreatedOnToolsVersion = 9.4.1;
						TestTargetID = D308360E216B5E0900D9500D;
					};
				};
			};
			buildConfigurationList = D308360A216B5E0900D9500D /* Build configuration list for PBXProject "Transition_ObjC" */;
			compatibilityVersion = "Xcode 9.3";
			developmentRegion = en;
			hasScannedForEncodings = 0;
			knownRegions = (
				en,
				Base,
			);
			mainGroup = D3083606216B5E0900D9500D;
			productRefGroup = D3083610216B5E0900D9500D /* Products */;
			projectDirPath = "";
			projectRoot = "";
			targets = (
				D308360E216B5E0900D9500D /* Transition_ObjC */,
				D3083629216B5E0B00D9500D /* Transition_ObjCTests */,
				D3083634216B5E0B00D9500D /* Transition_ObjCUITests */,
			);
		};
/* End PBXProject section */

/* Begin PBXResourcesBuildPhase section */
		D308360D216B5E0900D9500D /* Resources */ = {
			isa = PBXResourcesBuildPhase;
			buildActionMask = 2147483647;
			files = (
				D3083622216B5E0B00D9500D /* LaunchScreen.storyboard in Resources */,
				D308361F216B5E0B00D9500D /* Assets.xcassets in Resources */,
				D308361D216B5E0900D9500D /* Main.storyboard in Resources */,
			);
			runOnlyForDeploymentPostprocessing = 0;
		};
		D3083628216B5E0B00D9500D /* Resources */ = {
			isa = PBXResourcesBuildPhase;
			buildActionMask = 2147483647;
			files = (
			);
			runOnlyForDeploymentPostprocessing = 0;
		};
		D3083633216B5E0B00D9500D /* Resources */ = {
			isa = PBXResourcesBuildPhase;
			buildActionMask = 2147483647;
			files = (
			);
			runOnlyForDeploymentPostprocessing = 0;
		};
/* End PBXResourcesBuildPhase section */

/* Begin PBXSourcesBuildPhase section */
		D308360B216B5E0900D9500D /* Sources */ = {
			isa = PBXSourcesBuildPhase;
			buildActionMask = 2147483647;
			files = (
				D3083617216B5E0900D9500D /* MasterViewController.m in Sources */,
				D3083614216B5E0900D9500D /* AppDelegate.m in Sources */,
				D3083625216B5E0B00D9500D /* main.m in Sources */,
				D308361A216B5E0900D9500D /* DetailViewController.m in Sources */,
			);
			runOnlyForDeploymentPostprocessing = 0;
		};
		D3083626216B5E0B00D9500D /* Sources */ = {
			isa = PBXSourcesBuildPhase;
			buildActionMask = 2147483647;
			files = (
				D308362F216B5E0B00D9500D /* Transition_ObjCTests.m in Sources */,
			);
			runOnlyForDeploymentPostprocessing = 0;
		};
		D3083631216B5E0B00D9500D /* Sources */ = {
			isa = PBXSourcesBuildPhase;
			buildActionMask = 2147483647;
			files = (
				D308363A216B5E0B00D9500D /* Transition_ObjCUITests.m in Sources */,
			);
			runOnlyForDeploymentPostprocessing = 0;
		};
/* End PBXSourcesBuildPhase section */

/* Begin PBXTargetDependency section */
		D308362C216B5E0B00D9500D /* PBXTargetDependency */ = {
			isa = PBXTargetDependency;
			target = D308360E216B5E0900D9500D /* Transition_ObjC */;
			targetProxy = D308362B216B5E0B00D9500D /* PBXContainerItemProxy */;
		};
		D3083637216B5E0B00D9500D /* PBXTargetDependency */ = {
			isa = PBXTargetDependency;
			target = D308360E216B5E0900D9500D /* Transition_ObjC */;
			targetProxy = D3083636216B5E0B00D9500D /* PBXContainerItemProxy */;
		};
/* End PBXTargetDependency section */

/* Begin PBXVariantGroup section */
		D308361B216B5E0900D9500D /* Main.storyboard */ = {
			isa = PBXVariantGroup;
			children = (
				D308361C216B5E0900D9500D /* Base */,
			);
			name = Main.storyboard;
			sourceTree = "<group>";
		};
		D3083620216B5E0B00D9500D /* LaunchScreen.storyboard */ = {
			isa = PBXVariantGroup;
			children = (
				D3083621216B5E0B00D9500D /* Base */,
			);
			name = LaunchScreen.storyboard;
			sourceTree = "<group>";
		};
/* End PBXVariantGroup section */

/* Begin XCBuildConfiguration section */
		D308363C216B5E0B00D9500D /* Debug */ = {
			isa = XCBuildConfiguration;
			buildSettings = {
				ALWAYS_SEARCH_USER_PATHS = NO;
				CLANG_ANALYZER_NONNULL = YES;
				CLANG_ANALYZER_NUMBER_OBJECT_CONVERSION = YES_AGGRESSIVE;
				CLANG_CXX_LANGUAGE_STANDARD = "gnu++14";
				CLANG_CXX_LIBRARY = "libc++";
				CLANG_ENABLE_MODULES = YES;
				CLANG_ENABLE_OBJC_ARC = YES;
				CLANG_ENABLE_OBJC_WEAK = YES;
				CLANG_WARN_BLOCK_CAPTURE_AUTORELEASING = YES;
				CLANG_WARN_BOOL_CONVERSION = YES;
				CLANG_WARN_COMMA = YES;
				CLANG_WARN_CONSTANT_CONVERSION = YES;
				CLANG_WARN_DEPRECATED_OBJC_IMPLEMENTATIONS = YES;
				CLANG_WARN_DIRECT_OBJC_ISA_USAGE = YES_ERROR;
				CLANG_WARN_DOCUMENTATION_COMMENTS = YES;
				CLANG_WARN_EMPTY_BODY = YES;
				CLANG_WARN_ENUM_CONVERSION = YES;
				CLANG_WARN_INFINITE_RECURSION = YES;
				CLANG_WARN_INT_CONVERSION = YES;
				CLANG_WARN_NON_LITERAL_NULL_CONVERSION = YES;
				CLANG_WARN_OBJC_IMPLICIT_RETAIN_SELF = YES;
				CLANG_WARN_OBJC_LITERAL_CONVERSION = YES;
				CLANG_WARN_OBJC_ROOT_CLASS = YES_ERROR;
				CLANG_WARN_RANGE_LOOP_ANALYSIS = YES;
				CLANG_WARN_STRICT_PROTOTYPES = YES;
				CLANG_WARN_SUSPICIOUS_MOVE = YES;
				CLANG_WARN_UNGUARDED_AVAILABILITY = YES_AGGRESSIVE;
				CLANG_WARN_UNREACHABLE_CODE = YES;
				CLANG_WARN__DUPLICATE_METHOD_MATCH = YES;
				CODE_SIGN_IDENTITY = "iPhone Developer";
				COPY_PHASE_STRIP = NO;
				DEBUG_INFORMATION_FORMAT = dwarf;
				ENABLE_STRICT_OBJC_MSGSEND = YES;
				ENABLE_TESTABILITY = YES;
				GCC_C_LANGUAGE_STANDARD = gnu11;
				GCC_DYNAMIC_NO_PIC = NO;
				GCC_NO_COMMON_BLOCKS = YES;
				GCC_OPTIMIZATION_LEVEL = 0;
				GCC_PREPROCESSOR_DEFINITIONS = (
					"DEBUG=1",
					"$(inherited)",
				);
				GCC_WARN_64_TO_32_BIT_CONVERSION = YES;
				GCC_WARN_ABOUT_RETURN_TYPE = YES_ERROR;
				GCC_WARN_UNDECLARED_SELECTOR = YES;
				GCC_WARN_UNINITIALIZED_AUTOS = YES_AGGRESSIVE;
				GCC_WARN_UNUSED_FUNCTION = YES;
				GCC_WARN_UNUSED_VARIABLE = YES;
				IPHONEOS_DEPLOYMENT_TARGET = 11.4;
				MTL_ENABLE_DEBUG_INFO = YES;
				ONLY_ACTIVE_ARCH = YES;
				SDKROOT = iphoneos;
			};
			name = Debug;
		};
		D308363D216B5E0B00D9500D /* Release */ = {
			isa = XCBuildConfiguration;
			buildSettings = {
				ALWAYS_SEARCH_USER_PATHS = NO;
				CLANG_ANALYZER_NONNULL = YES;
				CLANG_ANALYZER_NUMBER_OBJECT_CONVERSION = YES_AGGRESSIVE;
				CLANG_CXX_LANGUAGE_STANDARD = "gnu++14";
				CLANG_CXX_LIBRARY = "libc++";
				CLANG_ENABLE_MODULES = YES;
				CLANG_ENABLE_OBJC_ARC = YES;
				CLANG_ENABLE_OBJC_WEAK = YES;
				CLANG_WARN_BLOCK_CAPTURE_AUTORELEASING = YES;
				CLANG_WARN_BOOL_CONVERSION = YES;
				CLANG_WARN_COMMA = YES;
				CLANG_WARN_CONSTANT_CONVERSION = YES;
				CLANG_WARN_DEPRECATED_OBJC_IMPLEMENTATIONS = YES;
				CLANG_WARN_DIRECT_OBJC_ISA_USAGE = YES_ERROR;
				CLANG_WARN_DOCUMENTATION_COMMENTS = YES;
				CLANG_WARN_EMPTY_BODY = YES;
				CLANG_WARN_ENUM_CONVERSION = YES;
				CLANG_WARN_INFINITE_RECURSION = YES;
				CLANG_WARN_INT_CONVERSION = YES;
				CLANG_WARN_NON_LITERAL_NULL_CONVERSION = YES;
				CLANG_WARN_OBJC_IMPLICIT_RETAIN_SELF = YES;
				CLANG_WARN_OBJC_LITERAL_CONVERSION = YES;
				CLANG_WARN_OBJC_ROOT_CLASS = YES_ERROR;
				CLANG_WARN_RANGE_LOOP_ANALYSIS = YES;
				CLANG_WARN_STRICT_PROTOTYPES = YES;
				CLANG_WARN_SUSPICIOUS_MOVE = YES;
				CLANG_WARN_UNGUARDED_AVAILABILITY = YES_AGGRESSIVE;
				CLANG_WARN_UNREACHABLE_CODE = YES;
				CLANG_WARN__DUPLICATE_METHOD_MATCH = YES;
				CODE_SIGN_IDENTITY = "iPhone Developer";
				COPY_PHASE_STRIP = NO;
				DEBUG_INFORMATION_FORMAT = "dwarf-with-dsym";
				ENABLE_NS_ASSERTIONS = NO;
				ENABLE_STRICT_OBJC_MSGSEND = YES;
				GCC_C_LANGUAGE_STANDARD = gnu11;
				GCC_NO_COMMON_BLOCKS = YES;
				GCC_WARN_64_TO_32_BIT_CONVERSION = YES;
				GCC_WARN_ABOUT_RETURN_TYPE = YES_ERROR;
				GCC_WARN_UNDECLARED_SELECTOR = YES;
				GCC_WARN_UNINITIALIZED_AUTOS = YES_AGGRESSIVE;
				GCC_WARN_UNUSED_FUNCTION = YES;
				GCC_WARN_UNUSED_VARIABLE = YES;
				IPHONEOS_DEPLOYMENT_TARGET = 11.4;
				MTL_ENABLE_DEBUG_INFO = NO;
				SDKROOT = iphoneos;
				VALIDATE_PRODUCT = YES;
			};
			name = Release;
		};
		D308363F216B5E0B00D9500D /* Debug */ = {
			isa = XCBuildConfiguration;
			buildSettings = {
				ASSETCATALOG_COMPILER_APPICON_NAME = AppIcon;
				CODE_SIGN_STYLE = Automatic;
				INFOPLIST_FILE = Transition_ObjC/Info.plist;
				LD_RUNPATH_SEARCH_PATHS = (
					"$(inherited)",
					"@executable_path/Frameworks",
				);
				PRODUCT_BUNDLE_IDENTIFIER = "com.neozh.Transition-ObjC";
				PRODUCT_NAME = "$(TARGET_NAME)";
				TARGETED_DEVICE_FAMILY = "1,2";
			};
			name = Debug;
		};
		D3083640216B5E0B00D9500D /* Release */ = {
			isa = XCBuildConfiguration;
			buildSettings = {
				ASSETCATALOG_COMPILER_APPICON_NAME = AppIcon;
				CODE_SIGN_STYLE = Automatic;
				INFOPLIST_FILE = Transition_ObjC/Info.plist;
				LD_RUNPATH_SEARCH_PATHS = (
					"$(inherited)",
					"@executable_path/Frameworks",
				);
				PRODUCT_BUNDLE_IDENTIFIER = "com.neozh.Transition-ObjC";
				PRODUCT_NAME = "$(TARGET_NAME)";
				TARGETED_DEVICE_FAMILY = "1,2";
			};
			name = Release;
		};
		D3083642216B5E0B00D9500D /* Debug */ = {
			isa = XCBuildConfiguration;
			buildSettings = {
				BUNDLE_LOADER = "$(TEST_HOST)";
				CODE_SIGN_STYLE = Automatic;
				INFOPLIST_FILE = Transition_ObjCTests/Info.plist;
				LD_RUNPATH_SEARCH_PATHS = (
					"$(inherited)",
					"@executable_path/Frameworks",
					"@loader_path/Frameworks",
				);
				PRODUCT_BUNDLE_IDENTIFIER = "com.neozh.Transition-ObjCTests";
				PRODUCT_NAME = "$(TARGET_NAME)";
				TARGETED_DEVICE_FAMILY = "1,2";
				TEST_HOST = "$(BUILT_PRODUCTS_DIR)/Transition_ObjC.app/Transition_ObjC";
			};
			name = Debug;
		};
		D3083643216B5E0B00D9500D /* Release */ = {
			isa = XCBuildConfiguration;
			buildSettings = {
				BUNDLE_LOADER = "$(TEST_HOST)";
				CODE_SIGN_STYLE = Automatic;
				INFOPLIST_FILE = Transition_ObjCTests/Info.plist;
				LD_RUNPATH_SEARCH_PATHS = (
					"$(inherited)",
					"@executable_path/Frameworks",
					"@loader_path/Frameworks",
				);
				PRODUCT_BUNDLE_IDENTIFIER = "com.neozh.Transition-ObjCTests";
				PRODUCT_NAME = "$(TARGET_NAME)";
				TARGETED_DEVICE_FAMILY = "1,2";
				TEST_HOST = "$(BUILT_PRODUCTS_DIR)/Transition_ObjC.app/Transition_ObjC";
			};
			name = Release;
		};
		D3083645216B5E0B00D9500D /* Debug */ = {
			isa = XCBuildConfiguration;
			buildSettings = {
				CODE_SIGN_STYLE = Automatic;
				INFOPLIST_FILE = Transition_ObjCUITests/Info.plist;
				LD_RUNPATH_SEARCH_PATHS = (
					"$(inherited)",
					"@executable_path/Frameworks",
					"@loader_path/Frameworks",
				);
				PRODUCT_BUNDLE_IDENTIFIER = "com.neozh.Transition-ObjCUITests";
				PRODUCT_NAME = "$(TARGET_NAME)";
				TARGETED_DEVICE_FAMILY = "1,2";
				TEST_TARGET_NAME = Transition_ObjC;
			};
			name = Debug;
		};
		D3083646216B5E0B00D9500D /* Release */ = {
			isa = XCBuildConfiguration;
			buildSettings = {
				CODE_SIGN_STYLE = Automatic;
				INFOPLIST_FILE = Transition_ObjCUITests/Info.plist;
				LD_RUNPATH_SEARCH_PATHS = (
					"$(inherited)",
					"@executable_path/Frameworks",
					"@loader_path/Frameworks",
				);
				PRODUCT_BUNDLE_IDENTIFIER = "com.neozh.Transition-ObjCUITests";
				PRODUCT_NAME = "$(TARGET_NAME)";
				TARGETED_DEVICE_FAMILY = "1,2";
				TEST_TARGET_NAME = Transition_ObjC;
			};
			name = Release;
		};
/* End XCBuildConfiguration section */

/* Begin XCConfigurationList section */
		D308360A216B5E0900D9500D /* Build configuration list for PBXProject "Transition_ObjC" */ = {
			isa = XCConfigurationList;
			buildConfigurations = (
				D308363C216B5E0B00D9500D /* Debug */,
				D308363D216B5E0B00D9500D /* Release */,
			);
			defaultConfigurationIsVisible = 0;
			defaultConfigurationName = Release;
		};
		D308363E216B5E0B00D9500D /* Build configuration list for PBXNativeTarget "Transition_ObjC" */ = {
			isa = XCConfigurationList;
			buildConfigurations = (
				D308363F216B5E0B00D9500D /* Debug */,
				D3083640216B5E0B00D9500D /* Release */,
			);
			defaultConfigurationIsVisible = 0;
			defaultConfigurationName = Release;
		};
		D3083641216B5E0B00D9500D /* Build configuration list for PBXNativeTarget "Transition_ObjCTests" */ = {
			isa = XCConfigurationList;
			buildConfigurations = (
				D3083642216B5E0B00D9500D /* Debug */,
				D3083643216B5E0B00D9500D /* Release */,
			);
			defaultConfigurationIsVisible = 0;
			defaultConfigurationName = Release;
		};
		D3083644216B5E0B00D9500D /* Build configuration list for PBXNativeTarget "Transition_ObjCUITests" */ = {
			isa = XCConfigurationList;
			buildConfigurations = (
				D3083645216B5E0B00D9500D /* Debug */,
				D3083646216B5E0B00D9500D /* Release */,
			);
			defaultConfigurationIsVisible = 0;
			defaultConfigurationName = Release;
		};
/* End XCConfigurationList section */
	};
	rootObject = D3083607216B5E0900D9500D /* Project object */;
}
